
Microsoft Visual Studio Solution File, Format Version 12.00
# Visual Studio Version 16
VisualStudioVersion = 16.0.30621.155
MinimumVisualStudioVersion = 10.0.40219.1
Project("{9A19103F-16F7-4668-BE54-9A1E7A4F7556}") = "BPAP", "BPAP\BPAP.csproj", "{672E481E-FE67-49B0-8B2F-0CBB2AACC94F}"
EndProject
Global
	GlobalSection(SolutionConfigurationPlatforms) = preSolution
		Debug|Any CPU = Debug|Any CPU
		Release|Any CPU = Release|Any CPU
	EndGlobalSection
	GlobalSection(ProjectConfigurationPlatforms) = postSolution
		{672E481E-FE67-49B0-8B2F-0CBB2AACC94F}.Debug|Any CPU.ActiveCfg = Debug|Any CPU
		{672E481E-FE67-49B0-8B2F-0CBB2AACC94F}.Debug|Any CPU.Build.0 = Debug|Any CPU
		{672E481E-FE67-49B0-8B2F-0CBB2AACC94F}.Release|Any CPU.ActiveCfg = Release|Any CPU
		{672E481E-FE67-49B0-8B2F-0CBB2AACC94F}.Release|Any CPU.Build.0 = Release|Any CPU
	EndGlobalSection
	GlobalSection(SolutionProperties) = preSolution
		HideSolutionNode = FALSE
	EndGlobalSection
	GlobalSection(ExtensibilityGlobals) = postSolution
		SolutionGuid = {F97FC43F-79DB-4115-AA30-95CE7501E495}
	EndGlobalSection
EndGlobal
